
Microsoft Visual Studio Solution File, Format Version 12.00
# Visual Studio 15
VisualStudioVersion = 15.0.27703.2000
MinimumVisualStudioVersion = 10.0.40219.1
Project("{FAE04EC0-301F-11D3-BF4B-00C04F79EFBC}") = "Linq", "Linq\Linq.csproj", "{0AC5C7F4-285F-4863-A5CD-3B0CD2FAD310}"
EndProject
Global
	GlobalSection(SolutionConfigurationPlatforms) = preSolution
		Debug|Any CPU = Debug|Any CPU
		Release|Any CPU = Release|Any CPU
	EndGlobalSection
	GlobalSection(ProjectConfigurationPlatforms) = postSolution
		{0AC5C7F4-285F-4863-A5CD-3B0CD2FAD310}.Debug|Any CPU.ActiveCfg = Debug|Any CPU
		{0AC5C7F4-285F-4863-A5CD-3B0CD2FAD310}.Debug|Any CPU.Build.0 = Debug|Any CPU
		{0AC5C7F4-285F-4863-A5CD-3B0CD2FAD310}.Release|Any CPU.ActiveCfg = Release|Any CPU
		{0AC5C7F4-285F-4863-A5CD-3B0CD2FAD310}.Release|Any CPU.Build.0 = Release|Any CPU
	EndGlobalSection
	GlobalSection(SolutionProperties) = preSolution
		HideSolutionNode = FALSE
	EndGlobalSection
	GlobalSection(ExtensibilityGlobals) = postSolution
		SolutionGuid = {28F14CDC-B00F-41F9-BE60-85413C342446}
	EndGlobalSection
EndGlobal
